{
  "name": "p5-typescript-starter",
  "version": "1.0.0",
  "lockfileVersion": 1,
  "requires": true,
  "dependencies": {
    "@types/p5": {
      "version": "0.7.3",
      "resolved": "https://registry.npmjs.org/@types/p5/-/p5-0.7.3.tgz",
      "integrity": "sha512-VXkm/JpR5bNKHVW5wkg0thyjoMjGU7CtGKvPaoQts/nXwEmJC7vnLozkJrYDUKZr0ILGhE1ZqZJ8/nxXbk6dlw==",
      "dev": true
    },
    "typescript": {
      "version": "3.5.3",
      "resolved": "https://registry.npmjs.org/typescript/-/typescript-3.5.3.tgz",
      "integrity": "sha512-ACzBtm/PhXBDId6a6sDJfroT2pOWt/oOnk4/dElG5G33ZL776N3Y6/6bKZJBFpd+b05F3Ct9qDjMeJmRWtE2/g==",
      "dev": true
    }
  }
}
